
Microsoft Visual Studio Solution File, Format Version 12.00
# Visual Studio Version 17
VisualStudioVersion = 17.9.34723.18
MinimumVisualStudioVersion = 10.0.40219.1
Project("{FAE04EC0-301F-11D3-BF4B-00C04F79EFBC}") = "LinqPractice", "LinqPractice\LinqPractice.csproj", "{667C8BCE-1B35-464D-AC8A-596248E0A879}"
EndProject
Global
	GlobalSection(SolutionConfigurationPlatforms) = preSolution
		Debug|Any CPU = Debug|Any CPU
		Release|Any CPU = Release|Any CPU
	EndGlobalSection
	GlobalSection(ProjectConfigurationPlatforms) = postSolution
		{667C8BCE-1B35-464D-AC8A-596248E0A879}.Debug|Any CPU.ActiveCfg = Debug|Any CPU
		{667C8BCE-1B35-464D-AC8A-596248E0A879}.Debug|Any CPU.Build.0 = Debug|Any CPU
		{667C8BCE-1B35-464D-AC8A-596248E0A879}.Release|Any CPU.ActiveCfg = Release|Any CPU
		{667C8BCE-1B35-464D-AC8A-596248E0A879}.Release|Any CPU.Build.0 = Release|Any CPU
	EndGlobalSection
	GlobalSection(SolutionProperties) = preSolution
		HideSolutionNode = FALSE
	EndGlobalSection
	GlobalSection(ExtensibilityGlobals) = postSolution
		SolutionGuid = {F026D8E3-B513-4869-B08D-A93282654CE6}
	EndGlobalSection
EndGlobal
